
Microsoft Visual Studio Solution File, Format Version 12.00
# Visual Studio Version 16
VisualStudioVersion = 16.0.31025.194
MinimumVisualStudioVersion = 10.0.40219.1
Project("{FAE04EC0-301F-11D3-BF4B-00C04F79EFBC}") = "ContosoUniversity", "ContosoUniversity\ContosoUniversity.csproj", "{004A4AE6-00B9-45C3-A6A5-615D3B15088A}"
EndProject
Global
	GlobalSection(SolutionConfigurationPlatforms) = preSolution
		Debug|Any CPU = Debug|Any CPU
		Release|Any CPU = Release|Any CPU
	EndGlobalSection
	GlobalSection(ProjectConfigurationPlatforms) = postSolution
		{004A4AE6-00B9-45C3-A6A5-615D3B15088A}.Debug|Any CPU.ActiveCfg = Debug|Any CPU
		{004A4AE6-00B9-45C3-A6A5-615D3B15088A}.Debug|Any CPU.Build.0 = Debug|Any CPU
		{004A4AE6-00B9-45C3-A6A5-615D3B15088A}.Release|Any CPU.ActiveCfg = Release|Any CPU
		{004A4AE6-00B9-45C3-A6A5-615D3B15088A}.Release|Any CPU.Build.0 = Release|Any CPU
	EndGlobalSection
	GlobalSection(SolutionProperties) = preSolution
		HideSolutionNode = FALSE
	EndGlobalSection
	GlobalSection(ExtensibilityGlobals) = postSolution
		SolutionGuid = {7F0D6E2D-53A7-4F2C-AFF6-B9E4B8D73D92}
	EndGlobalSection
EndGlobal
